
Microsoft Visual Studio Solution File, Format Version 12.00
# Visual Studio 15
VisualStudioVersion = 15.0.26124.0
MinimumVisualStudioVersion = 15.0.26124.0
Project("{FAE04EC0-301F-11D3-BF4B-00C04F79EFBC}") = "ailib", "ailib\ailib.csproj", "{64AD8877-1B6D-4A6B-84BF-4B0CCBB41295}"
EndProject
Project("{FAE04EC0-301F-11D3-BF4B-00C04F79EFBC}") = "ailib.test", "ailib.test\ailib.test.csproj", "{EB4378C2-EBCE-4F19-83D2-C840723705DE}"
EndProject
Project("{2150E333-8FDC-42A3-9474-1A3956D46DE8}") = "games", "games", "{1516DEAC-1A68-4EEC-ABAB-0FD682281281}"
EndProject
Project("{2150E333-8FDC-42A3-9474-1A3956D46DE8}") = "pandemic", "pandemic", "{581459CB-F3AC-4CA5-B75A-E99119DB44BA}"
EndProject
Project("{FAE04EC0-301F-11D3-BF4B-00C04F79EFBC}") = "pandemic", "games\pandemic\pandemic\pandemic.csproj", "{8B387F46-0B96-42A2-885F-F3F10641AA05}"
EndProject
Project("{FAE04EC0-301F-11D3-BF4B-00C04F79EFBC}") = "pandemic.test", "games\pandemic\pandemic.test\pandemic.test.csproj", "{379B8FD0-1B06-4477-807F-59342F271526}"
EndProject
Project("{2150E333-8FDC-42A3-9474-1A3956D46DE8}") = "vacuum_world", "vacuum_world", "{B4FA845D-CE1F-433F-ADDD-54DE84273511}"
EndProject
Project("{FAE04EC0-301F-11D3-BF4B-00C04F79EFBC}") = "vacuum_world", "games\vacuum_world\vacuum_world\vacuum_world.csproj", "{366C8FD7-62E9-4F1F-9033-E0B9C8432476}"
EndProject
Project("{FAE04EC0-301F-11D3-BF4B-00C04F79EFBC}") = "vacuum_world.console", "games\vacuum_world\vacuum_world.console\vacuum_world.console.csproj", "{0B85BAE0-2336-46D4-A567-2F55D261D70E}"
EndProject
Project("{FAE04EC0-301F-11D3-BF4B-00C04F79EFBC}") = "vacuum_world.test", "games\vacuum_world\vacuum_world.test\vacuum_world.test.csproj", "{1919A696-3E6A-4587-B3C3-B1F409B6235C}"
EndProject
Project("{FAE04EC0-301F-11D3-BF4B-00C04F79EFBC}") = "pandemic.console", "games\pandemic\pandemic.console\pandemic.console.csproj", "{4371599E-EE25-4FB6-BBEB-799EBB5B17A6}"
EndProject
Global
	GlobalSection(SolutionConfigurationPlatforms) = preSolution
		Debug|Any CPU = Debug|Any CPU
		Debug|x64 = Debug|x64
		Debug|x86 = Debug|x86
		Release|Any CPU = Release|Any CPU
		Release|x64 = Release|x64
		Release|x86 = Release|x86
	EndGlobalSection
	GlobalSection(SolutionProperties) = preSolution
		HideSolutionNode = FALSE
	EndGlobalSection
	GlobalSection(ProjectConfigurationPlatforms) = postSolution
		{64AD8877-1B6D-4A6B-84BF-4B0CCBB41295}.Debug|Any CPU.ActiveCfg = Debug|Any CPU
		{64AD8877-1B6D-4A6B-84BF-4B0CCBB41295}.Debug|Any CPU.Build.0 = Debug|Any CPU
		{64AD8877-1B6D-4A6B-84BF-4B0CCBB41295}.Debug|x64.ActiveCfg = Debug|Any CPU
		{64AD8877-1B6D-4A6B-84BF-4B0CCBB41295}.Debug|x64.Build.0 = Debug|Any CPU
		{64AD8877-1B6D-4A6B-84BF-4B0CCBB41295}.Debug|x86.ActiveCfg = Debug|Any CPU
		{64AD8877-1B6D-4A6B-84BF-4B0CCBB41295}.Debug|x86.Build.0 = Debug|Any CPU
		{64AD8877-1B6D-4A6B-84BF-4B0CCBB41295}.Release|Any CPU.ActiveCfg = Release|Any CPU
		{64AD8877-1B6D-4A6B-84BF-4B0CCBB41295}.Release|Any CPU.Build.0 = Release|Any CPU
		{64AD8877-1B6D-4A6B-84BF-4B0CCBB41295}.Release|x64.ActiveCfg = Release|Any CPU
		{64AD8877-1B6D-4A6B-84BF-4B0CCBB41295}.Release|x64.Build.0 = Release|Any CPU
		{64AD8877-1B6D-4A6B-84BF-4B0CCBB41295}.Release|x86.ActiveCfg = Release|Any CPU
		{64AD8877-1B6D-4A6B-84BF-4B0CCBB41295}.Release|x86.Build.0 = Release|Any CPU
		{EB4378C2-EBCE-4F19-83D2-C840723705DE}.Debug|Any CPU.ActiveCfg = Debug|Any CPU
		{EB4378C2-EBCE-4F19-83D2-C840723705DE}.Debug|Any CPU.Build.0 = Debug|Any CPU
		{EB4378C2-EBCE-4F19-83D2-C840723705DE}.Debug|x64.ActiveCfg = Debug|Any CPU
		{EB4378C2-EBCE-4F19-83D2-C840723705DE}.Debug|x64.Build.0 = Debug|Any CPU
		{EB4378C2-EBCE-4F19-83D2-C840723705DE}.Debug|x86.ActiveCfg = Debug|Any CPU
		{EB4378C2-EBCE-4F19-83D2-C840723705DE}.Debug|x86.Build.0 = Debug|Any CPU
		{EB4378C2-EBCE-4F19-83D2-C840723705DE}.Release|Any CPU.ActiveCfg = Release|Any CPU
		{EB4378C2-EBCE-4F19-83D2-C840723705DE}.Release|Any CPU.Build.0 = Release|Any CPU
		{EB4378C2-EBCE-4F19-83D2-C840723705DE}.Release|x64.ActiveCfg = Release|Any CPU
		{EB4378C2-EBCE-4F19-83D2-C840723705DE}.Release|x64.Build.0 = Release|Any CPU
		{EB4378C2-EBCE-4F19-83D2-C840723705DE}.Release|x86.ActiveCfg = Release|Any CPU
		{EB4378C2-EBCE-4F19-83D2-C840723705DE}.Release|x86.Build.0 = Release|Any CPU
		{8B387F46-0B96-42A2-885F-F3F10641AA05}.Debug|Any CPU.ActiveCfg = Debug|Any CPU
		{8B387F46-0B96-42A2-885F-F3F10641AA05}.Debug|Any CPU.Build.0 = Debug|Any CPU
		{8B387F46-0B96-42A2-885F-F3F10641AA05}.Debug|x64.ActiveCfg = Debug|Any CPU
		{8B387F46-0B96-42A2-885F-F3F10641AA05}.Debug|x64.Build.0 = Debug|Any CPU
		{8B387F46-0B96-42A2-885F-F3F10641AA05}.Debug|x86.ActiveCfg = Debug|Any CPU
		{8B387F46-0B96-42A2-885F-F3F10641AA05}.Debug|x86.Build.0 = Debug|Any CPU
		{8B387F46-0B96-42A2-885F-F3F10641AA05}.Release|Any CPU.ActiveCfg = Release|Any CPU
		{8B387F46-0B96-42A2-885F-F3F10641AA05}.Release|Any CPU.Build.0 = Release|Any CPU
		{8B387F46-0B96-42A2-885F-F3F10641AA05}.Release|x64.ActiveCfg = Release|Any CPU
		{8B387F46-0B96-42A2-885F-F3F10641AA05}.Release|x64.Build.0 = Release|Any CPU
		{8B387F46-0B96-42A2-885F-F3F10641AA05}.Release|x86.ActiveCfg = Release|Any CPU
		{8B387F46-0B96-42A2-885F-F3F10641AA05}.Release|x86.Build.0 = Release|Any CPU
		{379B8FD0-1B06-4477-807F-59342F271526}.Debug|Any CPU.ActiveCfg = Debug|Any CPU
		{379B8FD0-1B06-4477-807F-59342F271526}.Debug|Any CPU.Build.0 = Debug|Any CPU
		{379B8FD0-1B06-4477-807F-59342F271526}.Debug|x64.ActiveCfg = Debug|Any CPU
		{379B8FD0-1B06-4477-807F-59342F271526}.Debug|x64.Build.0 = Debug|Any CPU
		{379B8FD0-1B06-4477-807F-59342F271526}.Debug|x86.ActiveCfg = Debug|Any CPU
		{379B8FD0-1B06-4477-807F-59342F271526}.Debug|x86.Build.0 = Debug|Any CPU
		{379B8FD0-1B06-4477-807F-59342F271526}.Release|Any CPU.ActiveCfg = Release|Any CPU
		{379B8FD0-1B06-4477-807F-59342F271526}.Release|Any CPU.Build.0 = Release|Any CPU
		{379B8FD0-1B06-4477-807F-59342F271526}.Release|x64.ActiveCfg = Release|Any CPU
		{379B8FD0-1B06-4477-807F-59342F271526}.Release|x64.Build.0 = Release|Any CPU
		{379B8FD0-1B06-4477-807F-59342F271526}.Release|x86.ActiveCfg = Release|Any CPU
		{379B8FD0-1B06-4477-807F-59342F271526}.Release|x86.Build.0 = Release|Any CPU
		{366C8FD7-62E9-4F1F-9033-E0B9C8432476}.Debug|Any CPU.ActiveCfg = Debug|Any CPU
		{366C8FD7-62E9-4F1F-9033-E0B9C8432476}.Debug|Any CPU.Build.0 = Debug|Any CPU
		{366C8FD7-62E9-4F1F-9033-E0B9C8432476}.Debug|x64.ActiveCfg = Debug|Any CPU
		{366C8FD7-62E9-4F1F-9033-E0B9C8432476}.Debug|x64.Build.0 = Debug|Any CPU
		{366C8FD7-62E9-4F1F-9033-E0B9C8432476}.Debug|x86.ActiveCfg = Debug|Any CPU
		{366C8FD7-62E9-4F1F-9033-E0B9C8432476}.Debug|x86.Build.0 = Debug|Any CPU
		{366C8FD7-62E9-4F1F-9033-E0B9C8432476}.Release|Any CPU.ActiveCfg = Release|Any CPU
		{366C8FD7-62E9-4F1F-9033-E0B9C8432476}.Release|Any CPU.Build.0 = Release|Any CPU
		{366C8FD7-62E9-4F1F-9033-E0B9C8432476}.Release|x64.ActiveCfg = Release|Any CPU
		{366C8FD7-62E9-4F1F-9033-E0B9C8432476}.Release|x64.Build.0 = Release|Any CPU
		{366C8FD7-62E9-4F1F-9033-E0B9C8432476}.Release|x86.ActiveCfg = Release|Any CPU
		{366C8FD7-62E9-4F1F-9033-E0B9C8432476}.Release|x86.Build.0 = Release|Any CPU
		{0B85BAE0-2336-46D4-A567-2F55D261D70E}.Debug|Any CPU.ActiveCfg = Debug|Any CPU
		{0B85BAE0-2336-46D4-A567-2F55D261D70E}.Debug|Any CPU.Build.0 = Debug|Any CPU
		{0B85BAE0-2336-46D4-A567-2F55D261D70E}.Debug|x64.ActiveCfg = Debug|Any CPU
		{0B85BAE0-2336-46D4-A567-2F55D261D70E}.Debug|x64.Build.0 = Debug|Any CPU
		{0B85BAE0-2336-46D4-A567-2F55D261D70E}.Debug|x86.ActiveCfg = Debug|Any CPU
		{0B85BAE0-2336-46D4-A567-2F55D261D70E}.Debug|x86.Build.0 = Debug|Any CPU
		{0B85BAE0-2336-46D4-A567-2F55D261D70E}.Release|Any CPU.ActiveCfg = Release|Any CPU
		{0B85BAE0-2336-46D4-A567-2F55D261D70E}.Release|Any CPU.Build.0 = Release|Any CPU
		{0B85BAE0-2336-46D4-A567-2F55D261D70E}.Release|x64.ActiveCfg = Release|Any CPU
		{0B85BAE0-2336-46D4-A567-2F55D261D70E}.Release|x64.Build.0 = Release|Any CPU
		{0B85BAE0-2336-46D4-A567-2F55D261D70E}.Release|x86.ActiveCfg = Release|Any CPU
		{0B85BAE0-2336-46D4-A567-2F55D261D70E}.Release|x86.Build.0 = Release|Any CPU
		{1919A696-3E6A-4587-B3C3-B1F409B6235C}.Debug|Any CPU.ActiveCfg = Debug|Any CPU
		{1919A696-3E6A-4587-B3C3-B1F409B6235C}.Debug|Any CPU.Build.0 = Debug|Any CPU
		{1919A696-3E6A-4587-B3C3-B1F409B6235C}.Debug|x64.ActiveCfg = Debug|Any CPU
		{1919A696-3E6A-4587-B3C3-B1F409B6235C}.Debug|x64.Build.0 = Debug|Any CPU
		{1919A696-3E6A-4587-B3C3-B1F409B6235C}.Debug|x86.ActiveCfg = Debug|Any CPU
		{1919A696-3E6A-4587-B3C3-B1F409B6235C}.Debug|x86.Build.0 = Debug|Any CPU
		{1919A696-3E6A-4587-B3C3-B1F409B6235C}.Release|Any CPU.ActiveCfg = Release|Any CPU
		{1919A696-3E6A-4587-B3C3-B1F409B6235C}.Release|Any CPU.Build.0 = Release|Any CPU
		{1919A696-3E6A-4587-B3C3-B1F409B6235C}.Release|x64.ActiveCfg = Release|Any CPU
		{1919A696-3E6A-4587-B3C3-B1F409B6235C}.Release|x64.Build.0 = Release|Any CPU
		{1919A696-3E6A-4587-B3C3-B1F409B6235C}.Release|x86.ActiveCfg = Release|Any CPU
		{1919A696-3E6A-4587-B3C3-B1F409B6235C}.Release|x86.Build.0 = Release|Any CPU
		{4371599E-EE25-4FB6-BBEB-799EBB5B17A6}.Debug|Any CPU.ActiveCfg = Debug|Any CPU
		{4371599E-EE25-4FB6-BBEB-799EBB5B17A6}.Debug|Any CPU.Build.0 = Debug|Any CPU
		{4371599E-EE25-4FB6-BBEB-799EBB5B17A6}.Debug|x64.ActiveCfg = Debug|Any CPU
		{4371599E-EE25-4FB6-BBEB-799EBB5B17A6}.Debug|x64.Build.0 = Debug|Any CPU
		{4371599E-EE25-4FB6-BBEB-799EBB5B17A6}.Debug|x86.ActiveCfg = Debug|Any CPU
		{4371599E-EE25-4FB6-BBEB-799EBB5B17A6}.Debug|x86.Build.0 = Debug|Any CPU
		{4371599E-EE25-4FB6-BBEB-799EBB5B17A6}.Release|Any CPU.ActiveCfg = Release|Any CPU
		{4371599E-EE25-4FB6-BBEB-799EBB5B17A6}.Release|Any CPU.Build.0 = Release|Any CPU
		{4371599E-EE25-4FB6-BBEB-799EBB5B17A6}.Release|x64.ActiveCfg = Release|Any CPU
		{4371599E-EE25-4FB6-BBEB-799EBB5B17A6}.Release|x64.Build.0 = Release|Any CPU
		{4371599E-EE25-4FB6-BBEB-799EBB5B17A6}.Release|x86.ActiveCfg = Release|Any CPU
		{4371599E-EE25-4FB6-BBEB-799EBB5B17A6}.Release|x86.Build.0 = Release|Any CPU
	EndGlobalSection
	GlobalSection(NestedProjects) = preSolution
		{581459CB-F3AC-4CA5-B75A-E99119DB44BA} = {1516DEAC-1A68-4EEC-ABAB-0FD682281281}
		{8B387F46-0B96-42A2-885F-F3F10641AA05} = {581459CB-F3AC-4CA5-B75A-E99119DB44BA}
		{379B8FD0-1B06-4477-807F-59342F271526} = {581459CB-F3AC-4CA5-B75A-E99119DB44BA}
		{B4FA845D-CE1F-433F-ADDD-54DE84273511} = {1516DEAC-1A68-4EEC-ABAB-0FD682281281}
		{366C8FD7-62E9-4F1F-9033-E0B9C8432476} = {B4FA845D-CE1F-433F-ADDD-54DE84273511}
		{0B85BAE0-2336-46D4-A567-2F55D261D70E} = {B4FA845D-CE1F-433F-ADDD-54DE84273511}
		{1919A696-3E6A-4587-B3C3-B1F409B6235C} = {B4FA845D-CE1F-433F-ADDD-54DE84273511}
		{4371599E-EE25-4FB6-BBEB-799EBB5B17A6} = {581459CB-F3AC-4CA5-B75A-E99119DB44BA}
	EndGlobalSection
EndGlobal
