
Microsoft Visual Studio Solution File, Format Version 12.00
# Visual Studio Version 16
VisualStudioVersion = 16.0.29728.190
MinimumVisualStudioVersion = 15.0.26124.0
Project("{9A19103F-16F7-4668-BE54-9A1E7A4F7556}") = "ailib", "ailib\ailib.csproj", "{64AD8877-1B6D-4A6B-84BF-4B0CCBB41295}"
EndProject
Project("{9A19103F-16F7-4668-BE54-9A1E7A4F7556}") = "ailib.test", "ailib.test\ailib.test.csproj", "{EB4378C2-EBCE-4F19-83D2-C840723705DE}"
EndProject
Project("{2150E333-8FDC-42A3-9474-1A3956D46DE8}") = "environments", "environments", "{1516DEAC-1A68-4EEC-ABAB-0FD682281281}"
EndProject
Project("{2150E333-8FDC-42A3-9474-1A3956D46DE8}") = "pandemic", "pandemic", "{581459CB-F3AC-4CA5-B75A-E99119DB44BA}"
EndProject
Project("{9A19103F-16F7-4668-BE54-9A1E7A4F7556}") = "pandemic", "environments\pandemic\pandemic\pandemic.csproj", "{8B387F46-0B96-42A2-885F-F3F10641AA05}"
EndProject
Project("{9A19103F-16F7-4668-BE54-9A1E7A4F7556}") = "pandemic.test", "environments\pandemic\pandemic.test\pandemic.test.csproj", "{379B8FD0-1B06-4477-807F-59342F271526}"
EndProject
Project("{2150E333-8FDC-42A3-9474-1A3956D46DE8}") = "vacuum_world", "vacuum_world", "{B4FA845D-CE1F-433F-ADDD-54DE84273511}"
EndProject
Project("{9A19103F-16F7-4668-BE54-9A1E7A4F7556}") = "vacuum_world", "environments\vacuum_world\vacuum_world\vacuum_world.csproj", "{366C8FD7-62E9-4F1F-9033-E0B9C8432476}"
EndProject
Project("{9A19103F-16F7-4668-BE54-9A1E7A4F7556}") = "vacuum_world.console", "environments\vacuum_world\vacuum_world.console\vacuum_world.console.csproj", "{0B85BAE0-2336-46D4-A567-2F55D261D70E}"
EndProject
Project("{9A19103F-16F7-4668-BE54-9A1E7A4F7556}") = "vacuum_world.test", "environments\vacuum_world\vacuum_world.test\vacuum_world.test.csproj", "{1919A696-3E6A-4587-B3C3-B1F409B6235C}"
EndProject
Project("{9A19103F-16F7-4668-BE54-9A1E7A4F7556}") = "pandemic.console", "environments\pandemic\pandemic.console\pandemic.console.csproj", "{4371599E-EE25-4FB6-BBEB-799EBB5B17A6}"
EndProject
Project("{2150E333-8FDC-42A3-9474-1A3956D46DE8}") = "tic_tac_toe", "tic_tac_toe", "{CFFF5EA0-7E3B-4BB9-B1AA-3B3B335ED3C9}"
EndProject
Project("{9A19103F-16F7-4668-BE54-9A1E7A4F7556}") = "TicTacToe.Agent", "environments\tic_tac_toe\TicTacToe.Agent\TicTacToe.Agent.csproj", "{5847B2ED-D382-44F0-AB3F-F305F14C7D38}"
EndProject
Project("{9A19103F-16F7-4668-BE54-9A1E7A4F7556}") = "TicTacToe.Agent.Test", "environments\tic_tac_toe\TicTacToe.Agent.Test\TicTacToe.Agent.Test.csproj", "{B2BF9D72-449A-4AF2-8BA6-8689A1AD9EF3}"
EndProject
Project("{9A19103F-16F7-4668-BE54-9A1E7A4F7556}") = "TicTacToe.Console", "environments\tic_tac_toe\TicTacToe.Console\TicTacToe.Console.csproj", "{7CC9B11D-27BA-4B4F-9147-7F8F63D79DF9}"
EndProject
Project("{9A19103F-16F7-4668-BE54-9A1E7A4F7556}") = "TicTacToe.Game", "environments\tic_tac_toe\TicTacToe.Env\TicTacToe.Game.csproj", "{31508C65-587C-4C33-A142-51FBF6473EF8}"
EndProject
Project("{9A19103F-16F7-4668-BE54-9A1E7A4F7556}") = "TicTacToe.Game.Test", "environments\tic_tac_toe\TicTacToe.Env.Test\TicTacToe.Game.Test.csproj", "{04780C3E-4319-4973-9717-35878459D44E}"
EndProject
Project("{2150E333-8FDC-42A3-9474-1A3956D46DE8}") = "rl_book", "rl_book", "{21C76C21-306E-4EC5-84C7-5CF3BD27EA33}"
EndProject
Project("{9A19103F-16F7-4668-BE54-9A1E7A4F7556}") = "dp", "rl_book\dp\dp.csproj", "{2F8EFF2A-42EC-41B3-8ECF-B0E75A22508B}"
EndProject
Project("{9A19103F-16F7-4668-BE54-9A1E7A4F7556}") = "dp.test", "rl_book\dp.test\dp.test.csproj", "{C717B05B-F359-40DF-8C13-421F11659FAE}"
EndProject
Project("{9A19103F-16F7-4668-BE54-9A1E7A4F7556}") = "RLCommon", "rl_book\RLCommon\RLCommon.csproj", "{F022A3E8-69D6-4BF2-9B67-3242A2BAE673}"
EndProject
Project("{2150E333-8FDC-42A3-9474-1A3956D46DE8}") = "blackjack", "blackjack", "{8D38A93D-47CB-4594-A4A1-A027131A41E0}"
EndProject
Project("{9A19103F-16F7-4668-BE54-9A1E7A4F7556}") = "Blackjack", "environments\blackjack\Blackjack\Blackjack.csproj", "{DCB15E74-08CA-4589-9681-5AAE22D43AE0}"
EndProject
Project("{9A19103F-16F7-4668-BE54-9A1E7A4F7556}") = "Blackjack.Test", "environments\blackjack\Blackjack.Test\Blackjack.Test.csproj", "{3372DFA9-E45B-4007-BE8B-F6D1F26E80FC}"
EndProject
Project("{FAE04EC0-301F-11D3-BF4B-00C04F79EFBC}") = "TicTacToe.Console.Test", "environments\tic_tac_toe\TicTacToe.Console.Test\TicTacToe.Console.Test.csproj", "{F29C42C9-9EA8-45DC-88C8-BEE5DCC0EA88}"
EndProject
Global
	GlobalSection(SolutionConfigurationPlatforms) = preSolution
		Debug|Any CPU = Debug|Any CPU
		Debug|x64 = Debug|x64
		Debug|x86 = Debug|x86
		Release|Any CPU = Release|Any CPU
		Release|x64 = Release|x64
		Release|x86 = Release|x86
	EndGlobalSection
	GlobalSection(ProjectConfigurationPlatforms) = postSolution
		{64AD8877-1B6D-4A6B-84BF-4B0CCBB41295}.Debug|Any CPU.ActiveCfg = Debug|Any CPU
		{64AD8877-1B6D-4A6B-84BF-4B0CCBB41295}.Debug|Any CPU.Build.0 = Debug|Any CPU
		{64AD8877-1B6D-4A6B-84BF-4B0CCBB41295}.Debug|x64.ActiveCfg = Debug|Any CPU
		{64AD8877-1B6D-4A6B-84BF-4B0CCBB41295}.Debug|x64.Build.0 = Debug|Any CPU
		{64AD8877-1B6D-4A6B-84BF-4B0CCBB41295}.Debug|x86.ActiveCfg = Debug|Any CPU
		{64AD8877-1B6D-4A6B-84BF-4B0CCBB41295}.Debug|x86.Build.0 = Debug|Any CPU
		{64AD8877-1B6D-4A6B-84BF-4B0CCBB41295}.Release|Any CPU.ActiveCfg = Release|Any CPU
		{64AD8877-1B6D-4A6B-84BF-4B0CCBB41295}.Release|Any CPU.Build.0 = Release|Any CPU
		{64AD8877-1B6D-4A6B-84BF-4B0CCBB41295}.Release|x64.ActiveCfg = Release|Any CPU
		{64AD8877-1B6D-4A6B-84BF-4B0CCBB41295}.Release|x64.Build.0 = Release|Any CPU
		{64AD8877-1B6D-4A6B-84BF-4B0CCBB41295}.Release|x86.ActiveCfg = Release|Any CPU
		{64AD8877-1B6D-4A6B-84BF-4B0CCBB41295}.Release|x86.Build.0 = Release|Any CPU
		{EB4378C2-EBCE-4F19-83D2-C840723705DE}.Debug|Any CPU.ActiveCfg = Debug|Any CPU
		{EB4378C2-EBCE-4F19-83D2-C840723705DE}.Debug|Any CPU.Build.0 = Debug|Any CPU
		{EB4378C2-EBCE-4F19-83D2-C840723705DE}.Debug|x64.ActiveCfg = Debug|Any CPU
		{EB4378C2-EBCE-4F19-83D2-C840723705DE}.Debug|x64.Build.0 = Debug|Any CPU
		{EB4378C2-EBCE-4F19-83D2-C840723705DE}.Debug|x86.ActiveCfg = Debug|Any CPU
		{EB4378C2-EBCE-4F19-83D2-C840723705DE}.Debug|x86.Build.0 = Debug|Any CPU
		{EB4378C2-EBCE-4F19-83D2-C840723705DE}.Release|Any CPU.ActiveCfg = Release|Any CPU
		{EB4378C2-EBCE-4F19-83D2-C840723705DE}.Release|Any CPU.Build.0 = Release|Any CPU
		{EB4378C2-EBCE-4F19-83D2-C840723705DE}.Release|x64.ActiveCfg = Release|Any CPU
		{EB4378C2-EBCE-4F19-83D2-C840723705DE}.Release|x64.Build.0 = Release|Any CPU
		{EB4378C2-EBCE-4F19-83D2-C840723705DE}.Release|x86.ActiveCfg = Release|Any CPU
		{EB4378C2-EBCE-4F19-83D2-C840723705DE}.Release|x86.Build.0 = Release|Any CPU
		{8B387F46-0B96-42A2-885F-F3F10641AA05}.Debug|Any CPU.ActiveCfg = Debug|Any CPU
		{8B387F46-0B96-42A2-885F-F3F10641AA05}.Debug|Any CPU.Build.0 = Debug|Any CPU
		{8B387F46-0B96-42A2-885F-F3F10641AA05}.Debug|x64.ActiveCfg = Debug|Any CPU
		{8B387F46-0B96-42A2-885F-F3F10641AA05}.Debug|x64.Build.0 = Debug|Any CPU
		{8B387F46-0B96-42A2-885F-F3F10641AA05}.Debug|x86.ActiveCfg = Debug|Any CPU
		{8B387F46-0B96-42A2-885F-F3F10641AA05}.Debug|x86.Build.0 = Debug|Any CPU
		{8B387F46-0B96-42A2-885F-F3F10641AA05}.Release|Any CPU.ActiveCfg = Release|Any CPU
		{8B387F46-0B96-42A2-885F-F3F10641AA05}.Release|Any CPU.Build.0 = Release|Any CPU
		{8B387F46-0B96-42A2-885F-F3F10641AA05}.Release|x64.ActiveCfg = Release|Any CPU
		{8B387F46-0B96-42A2-885F-F3F10641AA05}.Release|x64.Build.0 = Release|Any CPU
		{8B387F46-0B96-42A2-885F-F3F10641AA05}.Release|x86.ActiveCfg = Release|Any CPU
		{8B387F46-0B96-42A2-885F-F3F10641AA05}.Release|x86.Build.0 = Release|Any CPU
		{379B8FD0-1B06-4477-807F-59342F271526}.Debug|Any CPU.ActiveCfg = Debug|Any CPU
		{379B8FD0-1B06-4477-807F-59342F271526}.Debug|Any CPU.Build.0 = Debug|Any CPU
		{379B8FD0-1B06-4477-807F-59342F271526}.Debug|x64.ActiveCfg = Debug|Any CPU
		{379B8FD0-1B06-4477-807F-59342F271526}.Debug|x64.Build.0 = Debug|Any CPU
		{379B8FD0-1B06-4477-807F-59342F271526}.Debug|x86.ActiveCfg = Debug|Any CPU
		{379B8FD0-1B06-4477-807F-59342F271526}.Debug|x86.Build.0 = Debug|Any CPU
		{379B8FD0-1B06-4477-807F-59342F271526}.Release|Any CPU.ActiveCfg = Release|Any CPU
		{379B8FD0-1B06-4477-807F-59342F271526}.Release|Any CPU.Build.0 = Release|Any CPU
		{379B8FD0-1B06-4477-807F-59342F271526}.Release|x64.ActiveCfg = Release|Any CPU
		{379B8FD0-1B06-4477-807F-59342F271526}.Release|x64.Build.0 = Release|Any CPU
		{379B8FD0-1B06-4477-807F-59342F271526}.Release|x86.ActiveCfg = Release|Any CPU
		{379B8FD0-1B06-4477-807F-59342F271526}.Release|x86.Build.0 = Release|Any CPU
		{366C8FD7-62E9-4F1F-9033-E0B9C8432476}.Debug|Any CPU.ActiveCfg = Debug|Any CPU
		{366C8FD7-62E9-4F1F-9033-E0B9C8432476}.Debug|Any CPU.Build.0 = Debug|Any CPU
		{366C8FD7-62E9-4F1F-9033-E0B9C8432476}.Debug|x64.ActiveCfg = Debug|Any CPU
		{366C8FD7-62E9-4F1F-9033-E0B9C8432476}.Debug|x64.Build.0 = Debug|Any CPU
		{366C8FD7-62E9-4F1F-9033-E0B9C8432476}.Debug|x86.ActiveCfg = Debug|Any CPU
		{366C8FD7-62E9-4F1F-9033-E0B9C8432476}.Debug|x86.Build.0 = Debug|Any CPU
		{366C8FD7-62E9-4F1F-9033-E0B9C8432476}.Release|Any CPU.ActiveCfg = Release|Any CPU
		{366C8FD7-62E9-4F1F-9033-E0B9C8432476}.Release|Any CPU.Build.0 = Release|Any CPU
		{366C8FD7-62E9-4F1F-9033-E0B9C8432476}.Release|x64.ActiveCfg = Release|Any CPU
		{366C8FD7-62E9-4F1F-9033-E0B9C8432476}.Release|x64.Build.0 = Release|Any CPU
		{366C8FD7-62E9-4F1F-9033-E0B9C8432476}.Release|x86.ActiveCfg = Release|Any CPU
		{366C8FD7-62E9-4F1F-9033-E0B9C8432476}.Release|x86.Build.0 = Release|Any CPU
		{0B85BAE0-2336-46D4-A567-2F55D261D70E}.Debug|Any CPU.ActiveCfg = Debug|Any CPU
		{0B85BAE0-2336-46D4-A567-2F55D261D70E}.Debug|Any CPU.Build.0 = Debug|Any CPU
		{0B85BAE0-2336-46D4-A567-2F55D261D70E}.Debug|x64.ActiveCfg = Debug|Any CPU
		{0B85BAE0-2336-46D4-A567-2F55D261D70E}.Debug|x64.Build.0 = Debug|Any CPU
		{0B85BAE0-2336-46D4-A567-2F55D261D70E}.Debug|x86.ActiveCfg = Debug|Any CPU
		{0B85BAE0-2336-46D4-A567-2F55D261D70E}.Debug|x86.Build.0 = Debug|Any CPU
		{0B85BAE0-2336-46D4-A567-2F55D261D70E}.Release|Any CPU.ActiveCfg = Release|Any CPU
		{0B85BAE0-2336-46D4-A567-2F55D261D70E}.Release|Any CPU.Build.0 = Release|Any CPU
		{0B85BAE0-2336-46D4-A567-2F55D261D70E}.Release|x64.ActiveCfg = Release|Any CPU
		{0B85BAE0-2336-46D4-A567-2F55D261D70E}.Release|x64.Build.0 = Release|Any CPU
		{0B85BAE0-2336-46D4-A567-2F55D261D70E}.Release|x86.ActiveCfg = Release|Any CPU
		{0B85BAE0-2336-46D4-A567-2F55D261D70E}.Release|x86.Build.0 = Release|Any CPU
		{1919A696-3E6A-4587-B3C3-B1F409B6235C}.Debug|Any CPU.ActiveCfg = Debug|Any CPU
		{1919A696-3E6A-4587-B3C3-B1F409B6235C}.Debug|Any CPU.Build.0 = Debug|Any CPU
		{1919A696-3E6A-4587-B3C3-B1F409B6235C}.Debug|x64.ActiveCfg = Debug|Any CPU
		{1919A696-3E6A-4587-B3C3-B1F409B6235C}.Debug|x64.Build.0 = Debug|Any CPU
		{1919A696-3E6A-4587-B3C3-B1F409B6235C}.Debug|x86.ActiveCfg = Debug|Any CPU
		{1919A696-3E6A-4587-B3C3-B1F409B6235C}.Debug|x86.Build.0 = Debug|Any CPU
		{1919A696-3E6A-4587-B3C3-B1F409B6235C}.Release|Any CPU.ActiveCfg = Release|Any CPU
		{1919A696-3E6A-4587-B3C3-B1F409B6235C}.Release|Any CPU.Build.0 = Release|Any CPU
		{1919A696-3E6A-4587-B3C3-B1F409B6235C}.Release|x64.ActiveCfg = Release|Any CPU
		{1919A696-3E6A-4587-B3C3-B1F409B6235C}.Release|x64.Build.0 = Release|Any CPU
		{1919A696-3E6A-4587-B3C3-B1F409B6235C}.Release|x86.ActiveCfg = Release|Any CPU
		{1919A696-3E6A-4587-B3C3-B1F409B6235C}.Release|x86.Build.0 = Release|Any CPU
		{4371599E-EE25-4FB6-BBEB-799EBB5B17A6}.Debug|Any CPU.ActiveCfg = Debug|Any CPU
		{4371599E-EE25-4FB6-BBEB-799EBB5B17A6}.Debug|Any CPU.Build.0 = Debug|Any CPU
		{4371599E-EE25-4FB6-BBEB-799EBB5B17A6}.Debug|x64.ActiveCfg = Debug|Any CPU
		{4371599E-EE25-4FB6-BBEB-799EBB5B17A6}.Debug|x64.Build.0 = Debug|Any CPU
		{4371599E-EE25-4FB6-BBEB-799EBB5B17A6}.Debug|x86.ActiveCfg = Debug|Any CPU
		{4371599E-EE25-4FB6-BBEB-799EBB5B17A6}.Debug|x86.Build.0 = Debug|Any CPU
		{4371599E-EE25-4FB6-BBEB-799EBB5B17A6}.Release|Any CPU.ActiveCfg = Release|Any CPU
		{4371599E-EE25-4FB6-BBEB-799EBB5B17A6}.Release|Any CPU.Build.0 = Release|Any CPU
		{4371599E-EE25-4FB6-BBEB-799EBB5B17A6}.Release|x64.ActiveCfg = Release|Any CPU
		{4371599E-EE25-4FB6-BBEB-799EBB5B17A6}.Release|x64.Build.0 = Release|Any CPU
		{4371599E-EE25-4FB6-BBEB-799EBB5B17A6}.Release|x86.ActiveCfg = Release|Any CPU
		{4371599E-EE25-4FB6-BBEB-799EBB5B17A6}.Release|x86.Build.0 = Release|Any CPU
		{5847B2ED-D382-44F0-AB3F-F305F14C7D38}.Debug|Any CPU.ActiveCfg = Debug|Any CPU
		{5847B2ED-D382-44F0-AB3F-F305F14C7D38}.Debug|Any CPU.Build.0 = Debug|Any CPU
		{5847B2ED-D382-44F0-AB3F-F305F14C7D38}.Debug|x64.ActiveCfg = Debug|Any CPU
		{5847B2ED-D382-44F0-AB3F-F305F14C7D38}.Debug|x64.Build.0 = Debug|Any CPU
		{5847B2ED-D382-44F0-AB3F-F305F14C7D38}.Debug|x86.ActiveCfg = Debug|Any CPU
		{5847B2ED-D382-44F0-AB3F-F305F14C7D38}.Debug|x86.Build.0 = Debug|Any CPU
		{5847B2ED-D382-44F0-AB3F-F305F14C7D38}.Release|Any CPU.ActiveCfg = Release|Any CPU
		{5847B2ED-D382-44F0-AB3F-F305F14C7D38}.Release|Any CPU.Build.0 = Release|Any CPU
		{5847B2ED-D382-44F0-AB3F-F305F14C7D38}.Release|x64.ActiveCfg = Release|Any CPU
		{5847B2ED-D382-44F0-AB3F-F305F14C7D38}.Release|x64.Build.0 = Release|Any CPU
		{5847B2ED-D382-44F0-AB3F-F305F14C7D38}.Release|x86.ActiveCfg = Release|Any CPU
		{5847B2ED-D382-44F0-AB3F-F305F14C7D38}.Release|x86.Build.0 = Release|Any CPU
		{B2BF9D72-449A-4AF2-8BA6-8689A1AD9EF3}.Debug|Any CPU.ActiveCfg = Debug|Any CPU
		{B2BF9D72-449A-4AF2-8BA6-8689A1AD9EF3}.Debug|Any CPU.Build.0 = Debug|Any CPU
		{B2BF9D72-449A-4AF2-8BA6-8689A1AD9EF3}.Debug|x64.ActiveCfg = Debug|Any CPU
		{B2BF9D72-449A-4AF2-8BA6-8689A1AD9EF3}.Debug|x64.Build.0 = Debug|Any CPU
		{B2BF9D72-449A-4AF2-8BA6-8689A1AD9EF3}.Debug|x86.ActiveCfg = Debug|Any CPU
		{B2BF9D72-449A-4AF2-8BA6-8689A1AD9EF3}.Debug|x86.Build.0 = Debug|Any CPU
		{B2BF9D72-449A-4AF2-8BA6-8689A1AD9EF3}.Release|Any CPU.ActiveCfg = Release|Any CPU
		{B2BF9D72-449A-4AF2-8BA6-8689A1AD9EF3}.Release|Any CPU.Build.0 = Release|Any CPU
		{B2BF9D72-449A-4AF2-8BA6-8689A1AD9EF3}.Release|x64.ActiveCfg = Release|Any CPU
		{B2BF9D72-449A-4AF2-8BA6-8689A1AD9EF3}.Release|x64.Build.0 = Release|Any CPU
		{B2BF9D72-449A-4AF2-8BA6-8689A1AD9EF3}.Release|x86.ActiveCfg = Release|Any CPU
		{B2BF9D72-449A-4AF2-8BA6-8689A1AD9EF3}.Release|x86.Build.0 = Release|Any CPU
		{7CC9B11D-27BA-4B4F-9147-7F8F63D79DF9}.Debug|Any CPU.ActiveCfg = Debug|Any CPU
		{7CC9B11D-27BA-4B4F-9147-7F8F63D79DF9}.Debug|Any CPU.Build.0 = Debug|Any CPU
		{7CC9B11D-27BA-4B4F-9147-7F8F63D79DF9}.Debug|x64.ActiveCfg = Debug|Any CPU
		{7CC9B11D-27BA-4B4F-9147-7F8F63D79DF9}.Debug|x64.Build.0 = Debug|Any CPU
		{7CC9B11D-27BA-4B4F-9147-7F8F63D79DF9}.Debug|x86.ActiveCfg = Debug|Any CPU
		{7CC9B11D-27BA-4B4F-9147-7F8F63D79DF9}.Debug|x86.Build.0 = Debug|Any CPU
		{7CC9B11D-27BA-4B4F-9147-7F8F63D79DF9}.Release|Any CPU.ActiveCfg = Release|Any CPU
		{7CC9B11D-27BA-4B4F-9147-7F8F63D79DF9}.Release|Any CPU.Build.0 = Release|Any CPU
		{7CC9B11D-27BA-4B4F-9147-7F8F63D79DF9}.Release|x64.ActiveCfg = Release|Any CPU
		{7CC9B11D-27BA-4B4F-9147-7F8F63D79DF9}.Release|x64.Build.0 = Release|Any CPU
		{7CC9B11D-27BA-4B4F-9147-7F8F63D79DF9}.Release|x86.ActiveCfg = Release|Any CPU
		{7CC9B11D-27BA-4B4F-9147-7F8F63D79DF9}.Release|x86.Build.0 = Release|Any CPU
		{31508C65-587C-4C33-A142-51FBF6473EF8}.Debug|Any CPU.ActiveCfg = Debug|Any CPU
		{31508C65-587C-4C33-A142-51FBF6473EF8}.Debug|Any CPU.Build.0 = Debug|Any CPU
		{31508C65-587C-4C33-A142-51FBF6473EF8}.Debug|x64.ActiveCfg = Debug|Any CPU
		{31508C65-587C-4C33-A142-51FBF6473EF8}.Debug|x64.Build.0 = Debug|Any CPU
		{31508C65-587C-4C33-A142-51FBF6473EF8}.Debug|x86.ActiveCfg = Debug|Any CPU
		{31508C65-587C-4C33-A142-51FBF6473EF8}.Debug|x86.Build.0 = Debug|Any CPU
		{31508C65-587C-4C33-A142-51FBF6473EF8}.Release|Any CPU.ActiveCfg = Release|Any CPU
		{31508C65-587C-4C33-A142-51FBF6473EF8}.Release|Any CPU.Build.0 = Release|Any CPU
		{31508C65-587C-4C33-A142-51FBF6473EF8}.Release|x64.ActiveCfg = Release|Any CPU
		{31508C65-587C-4C33-A142-51FBF6473EF8}.Release|x64.Build.0 = Release|Any CPU
		{31508C65-587C-4C33-A142-51FBF6473EF8}.Release|x86.ActiveCfg = Release|Any CPU
		{31508C65-587C-4C33-A142-51FBF6473EF8}.Release|x86.Build.0 = Release|Any CPU
		{04780C3E-4319-4973-9717-35878459D44E}.Debug|Any CPU.ActiveCfg = Debug|Any CPU
		{04780C3E-4319-4973-9717-35878459D44E}.Debug|Any CPU.Build.0 = Debug|Any CPU
		{04780C3E-4319-4973-9717-35878459D44E}.Debug|x64.ActiveCfg = Debug|Any CPU
		{04780C3E-4319-4973-9717-35878459D44E}.Debug|x64.Build.0 = Debug|Any CPU
		{04780C3E-4319-4973-9717-35878459D44E}.Debug|x86.ActiveCfg = Debug|Any CPU
		{04780C3E-4319-4973-9717-35878459D44E}.Debug|x86.Build.0 = Debug|Any CPU
		{04780C3E-4319-4973-9717-35878459D44E}.Release|Any CPU.ActiveCfg = Release|Any CPU
		{04780C3E-4319-4973-9717-35878459D44E}.Release|Any CPU.Build.0 = Release|Any CPU
		{04780C3E-4319-4973-9717-35878459D44E}.Release|x64.ActiveCfg = Release|Any CPU
		{04780C3E-4319-4973-9717-35878459D44E}.Release|x64.Build.0 = Release|Any CPU
		{04780C3E-4319-4973-9717-35878459D44E}.Release|x86.ActiveCfg = Release|Any CPU
		{04780C3E-4319-4973-9717-35878459D44E}.Release|x86.Build.0 = Release|Any CPU
		{2F8EFF2A-42EC-41B3-8ECF-B0E75A22508B}.Debug|Any CPU.ActiveCfg = Debug|Any CPU
		{2F8EFF2A-42EC-41B3-8ECF-B0E75A22508B}.Debug|Any CPU.Build.0 = Debug|Any CPU
		{2F8EFF2A-42EC-41B3-8ECF-B0E75A22508B}.Debug|x64.ActiveCfg = Debug|Any CPU
		{2F8EFF2A-42EC-41B3-8ECF-B0E75A22508B}.Debug|x64.Build.0 = Debug|Any CPU
		{2F8EFF2A-42EC-41B3-8ECF-B0E75A22508B}.Debug|x86.ActiveCfg = Debug|Any CPU
		{2F8EFF2A-42EC-41B3-8ECF-B0E75A22508B}.Debug|x86.Build.0 = Debug|Any CPU
		{2F8EFF2A-42EC-41B3-8ECF-B0E75A22508B}.Release|Any CPU.ActiveCfg = Release|Any CPU
		{2F8EFF2A-42EC-41B3-8ECF-B0E75A22508B}.Release|Any CPU.Build.0 = Release|Any CPU
		{2F8EFF2A-42EC-41B3-8ECF-B0E75A22508B}.Release|x64.ActiveCfg = Release|Any CPU
		{2F8EFF2A-42EC-41B3-8ECF-B0E75A22508B}.Release|x64.Build.0 = Release|Any CPU
		{2F8EFF2A-42EC-41B3-8ECF-B0E75A22508B}.Release|x86.ActiveCfg = Release|Any CPU
		{2F8EFF2A-42EC-41B3-8ECF-B0E75A22508B}.Release|x86.Build.0 = Release|Any CPU
		{C717B05B-F359-40DF-8C13-421F11659FAE}.Debug|Any CPU.ActiveCfg = Debug|Any CPU
		{C717B05B-F359-40DF-8C13-421F11659FAE}.Debug|Any CPU.Build.0 = Debug|Any CPU
		{C717B05B-F359-40DF-8C13-421F11659FAE}.Debug|x64.ActiveCfg = Debug|Any CPU
		{C717B05B-F359-40DF-8C13-421F11659FAE}.Debug|x64.Build.0 = Debug|Any CPU
		{C717B05B-F359-40DF-8C13-421F11659FAE}.Debug|x86.ActiveCfg = Debug|Any CPU
		{C717B05B-F359-40DF-8C13-421F11659FAE}.Debug|x86.Build.0 = Debug|Any CPU
		{C717B05B-F359-40DF-8C13-421F11659FAE}.Release|Any CPU.ActiveCfg = Release|Any CPU
		{C717B05B-F359-40DF-8C13-421F11659FAE}.Release|Any CPU.Build.0 = Release|Any CPU
		{C717B05B-F359-40DF-8C13-421F11659FAE}.Release|x64.ActiveCfg = Release|Any CPU
		{C717B05B-F359-40DF-8C13-421F11659FAE}.Release|x64.Build.0 = Release|Any CPU
		{C717B05B-F359-40DF-8C13-421F11659FAE}.Release|x86.ActiveCfg = Release|Any CPU
		{C717B05B-F359-40DF-8C13-421F11659FAE}.Release|x86.Build.0 = Release|Any CPU
		{F022A3E8-69D6-4BF2-9B67-3242A2BAE673}.Debug|Any CPU.ActiveCfg = Debug|Any CPU
		{F022A3E8-69D6-4BF2-9B67-3242A2BAE673}.Debug|Any CPU.Build.0 = Debug|Any CPU
		{F022A3E8-69D6-4BF2-9B67-3242A2BAE673}.Debug|x64.ActiveCfg = Debug|Any CPU
		{F022A3E8-69D6-4BF2-9B67-3242A2BAE673}.Debug|x64.Build.0 = Debug|Any CPU
		{F022A3E8-69D6-4BF2-9B67-3242A2BAE673}.Debug|x86.ActiveCfg = Debug|Any CPU
		{F022A3E8-69D6-4BF2-9B67-3242A2BAE673}.Debug|x86.Build.0 = Debug|Any CPU
		{F022A3E8-69D6-4BF2-9B67-3242A2BAE673}.Release|Any CPU.ActiveCfg = Release|Any CPU
		{F022A3E8-69D6-4BF2-9B67-3242A2BAE673}.Release|Any CPU.Build.0 = Release|Any CPU
		{F022A3E8-69D6-4BF2-9B67-3242A2BAE673}.Release|x64.ActiveCfg = Release|Any CPU
		{F022A3E8-69D6-4BF2-9B67-3242A2BAE673}.Release|x64.Build.0 = Release|Any CPU
		{F022A3E8-69D6-4BF2-9B67-3242A2BAE673}.Release|x86.ActiveCfg = Release|Any CPU
		{F022A3E8-69D6-4BF2-9B67-3242A2BAE673}.Release|x86.Build.0 = Release|Any CPU
		{DCB15E74-08CA-4589-9681-5AAE22D43AE0}.Debug|Any CPU.ActiveCfg = Debug|Any CPU
		{DCB15E74-08CA-4589-9681-5AAE22D43AE0}.Debug|Any CPU.Build.0 = Debug|Any CPU
		{DCB15E74-08CA-4589-9681-5AAE22D43AE0}.Debug|x64.ActiveCfg = Debug|Any CPU
		{DCB15E74-08CA-4589-9681-5AAE22D43AE0}.Debug|x64.Build.0 = Debug|Any CPU
		{DCB15E74-08CA-4589-9681-5AAE22D43AE0}.Debug|x86.ActiveCfg = Debug|Any CPU
		{DCB15E74-08CA-4589-9681-5AAE22D43AE0}.Debug|x86.Build.0 = Debug|Any CPU
		{DCB15E74-08CA-4589-9681-5AAE22D43AE0}.Release|Any CPU.ActiveCfg = Release|Any CPU
		{DCB15E74-08CA-4589-9681-5AAE22D43AE0}.Release|Any CPU.Build.0 = Release|Any CPU
		{DCB15E74-08CA-4589-9681-5AAE22D43AE0}.Release|x64.ActiveCfg = Release|Any CPU
		{DCB15E74-08CA-4589-9681-5AAE22D43AE0}.Release|x64.Build.0 = Release|Any CPU
		{DCB15E74-08CA-4589-9681-5AAE22D43AE0}.Release|x86.ActiveCfg = Release|Any CPU
		{DCB15E74-08CA-4589-9681-5AAE22D43AE0}.Release|x86.Build.0 = Release|Any CPU
		{3372DFA9-E45B-4007-BE8B-F6D1F26E80FC}.Debug|Any CPU.ActiveCfg = Debug|Any CPU
		{3372DFA9-E45B-4007-BE8B-F6D1F26E80FC}.Debug|Any CPU.Build.0 = Debug|Any CPU
		{3372DFA9-E45B-4007-BE8B-F6D1F26E80FC}.Debug|x64.ActiveCfg = Debug|Any CPU
		{3372DFA9-E45B-4007-BE8B-F6D1F26E80FC}.Debug|x64.Build.0 = Debug|Any CPU
		{3372DFA9-E45B-4007-BE8B-F6D1F26E80FC}.Debug|x86.ActiveCfg = Debug|Any CPU
		{3372DFA9-E45B-4007-BE8B-F6D1F26E80FC}.Debug|x86.Build.0 = Debug|Any CPU
		{3372DFA9-E45B-4007-BE8B-F6D1F26E80FC}.Release|Any CPU.ActiveCfg = Release|Any CPU
		{3372DFA9-E45B-4007-BE8B-F6D1F26E80FC}.Release|Any CPU.Build.0 = Release|Any CPU
		{3372DFA9-E45B-4007-BE8B-F6D1F26E80FC}.Release|x64.ActiveCfg = Release|Any CPU
		{3372DFA9-E45B-4007-BE8B-F6D1F26E80FC}.Release|x64.Build.0 = Release|Any CPU
		{3372DFA9-E45B-4007-BE8B-F6D1F26E80FC}.Release|x86.ActiveCfg = Release|Any CPU
		{3372DFA9-E45B-4007-BE8B-F6D1F26E80FC}.Release|x86.Build.0 = Release|Any CPU
		{F29C42C9-9EA8-45DC-88C8-BEE5DCC0EA88}.Debug|Any CPU.ActiveCfg = Debug|Any CPU
		{F29C42C9-9EA8-45DC-88C8-BEE5DCC0EA88}.Debug|Any CPU.Build.0 = Debug|Any CPU
		{F29C42C9-9EA8-45DC-88C8-BEE5DCC0EA88}.Debug|x64.ActiveCfg = Debug|Any CPU
		{F29C42C9-9EA8-45DC-88C8-BEE5DCC0EA88}.Debug|x64.Build.0 = Debug|Any CPU
		{F29C42C9-9EA8-45DC-88C8-BEE5DCC0EA88}.Debug|x86.ActiveCfg = Debug|Any CPU
		{F29C42C9-9EA8-45DC-88C8-BEE5DCC0EA88}.Debug|x86.Build.0 = Debug|Any CPU
		{F29C42C9-9EA8-45DC-88C8-BEE5DCC0EA88}.Release|Any CPU.ActiveCfg = Release|Any CPU
		{F29C42C9-9EA8-45DC-88C8-BEE5DCC0EA88}.Release|Any CPU.Build.0 = Release|Any CPU
		{F29C42C9-9EA8-45DC-88C8-BEE5DCC0EA88}.Release|x64.ActiveCfg = Release|Any CPU
		{F29C42C9-9EA8-45DC-88C8-BEE5DCC0EA88}.Release|x64.Build.0 = Release|Any CPU
		{F29C42C9-9EA8-45DC-88C8-BEE5DCC0EA88}.Release|x86.ActiveCfg = Release|Any CPU
		{F29C42C9-9EA8-45DC-88C8-BEE5DCC0EA88}.Release|x86.Build.0 = Release|Any CPU
	EndGlobalSection
	GlobalSection(SolutionProperties) = preSolution
		HideSolutionNode = FALSE
	EndGlobalSection
	GlobalSection(NestedProjects) = preSolution
		{581459CB-F3AC-4CA5-B75A-E99119DB44BA} = {1516DEAC-1A68-4EEC-ABAB-0FD682281281}
		{8B387F46-0B96-42A2-885F-F3F10641AA05} = {581459CB-F3AC-4CA5-B75A-E99119DB44BA}
		{379B8FD0-1B06-4477-807F-59342F271526} = {581459CB-F3AC-4CA5-B75A-E99119DB44BA}
		{B4FA845D-CE1F-433F-ADDD-54DE84273511} = {1516DEAC-1A68-4EEC-ABAB-0FD682281281}
		{366C8FD7-62E9-4F1F-9033-E0B9C8432476} = {B4FA845D-CE1F-433F-ADDD-54DE84273511}
		{0B85BAE0-2336-46D4-A567-2F55D261D70E} = {B4FA845D-CE1F-433F-ADDD-54DE84273511}
		{1919A696-3E6A-4587-B3C3-B1F409B6235C} = {B4FA845D-CE1F-433F-ADDD-54DE84273511}
		{4371599E-EE25-4FB6-BBEB-799EBB5B17A6} = {581459CB-F3AC-4CA5-B75A-E99119DB44BA}
		{CFFF5EA0-7E3B-4BB9-B1AA-3B3B335ED3C9} = {1516DEAC-1A68-4EEC-ABAB-0FD682281281}
		{5847B2ED-D382-44F0-AB3F-F305F14C7D38} = {CFFF5EA0-7E3B-4BB9-B1AA-3B3B335ED3C9}
		{B2BF9D72-449A-4AF2-8BA6-8689A1AD9EF3} = {CFFF5EA0-7E3B-4BB9-B1AA-3B3B335ED3C9}
		{7CC9B11D-27BA-4B4F-9147-7F8F63D79DF9} = {CFFF5EA0-7E3B-4BB9-B1AA-3B3B335ED3C9}
		{31508C65-587C-4C33-A142-51FBF6473EF8} = {CFFF5EA0-7E3B-4BB9-B1AA-3B3B335ED3C9}
		{04780C3E-4319-4973-9717-35878459D44E} = {CFFF5EA0-7E3B-4BB9-B1AA-3B3B335ED3C9}
		{2F8EFF2A-42EC-41B3-8ECF-B0E75A22508B} = {21C76C21-306E-4EC5-84C7-5CF3BD27EA33}
		{C717B05B-F359-40DF-8C13-421F11659FAE} = {21C76C21-306E-4EC5-84C7-5CF3BD27EA33}
		{F022A3E8-69D6-4BF2-9B67-3242A2BAE673} = {21C76C21-306E-4EC5-84C7-5CF3BD27EA33}
		{8D38A93D-47CB-4594-A4A1-A027131A41E0} = {1516DEAC-1A68-4EEC-ABAB-0FD682281281}
		{DCB15E74-08CA-4589-9681-5AAE22D43AE0} = {8D38A93D-47CB-4594-A4A1-A027131A41E0}
		{3372DFA9-E45B-4007-BE8B-F6D1F26E80FC} = {8D38A93D-47CB-4594-A4A1-A027131A41E0}
		{F29C42C9-9EA8-45DC-88C8-BEE5DCC0EA88} = {CFFF5EA0-7E3B-4BB9-B1AA-3B3B335ED3C9}
	EndGlobalSection
	GlobalSection(ExtensibilityGlobals) = postSolution
		SolutionGuid = {670D9C88-F0D2-41D6-AFB6-3B893AB093E2}
	EndGlobalSection
EndGlobal
